{
    "_readme": [
        "This file locks the dependencies of your project to a known state",
        "Read more about it at https://getcomposer.org/doc/01-basic-usage.md#installing-dependencies",
        "This file is @generated automatically"
    ],
    "content-hash": "07024eeb305078d3f3cc86462b701646",
    "packages": [
        {
            "name": "mongdch/mon-env",
            "version": "1.0.2",
            "source": {
                "type": "git",
                "url": "https://github.com/MonGDCH/mon-env.git",
                "reference": "f0fba906a24c0bdbe26a1d923054f82c3b9256b7"
            },
            "dist": {
                "type": "zip",
                "url": "https://api.github.com/repos/MonGDCH/mon-env/zipball/f0fba906a24c0bdbe26a1d923054f82c3b9256b7",
                "reference": "f0fba906a24c0bdbe26a1d923054f82c3b9256b7",
                "shasum": ""
            },
            "require": {
                "php": ">=7.0.0"
            },
            "type": "library",
            "autoload": {
                "psr-4": {
                    "mon\\env\\": "src/"
                }
            },
            "notification-url": "https://packagist.org/downloads/",
            "license": [
                "MIT"
            ],
            "authors": [
                {
                    "name": "MonGDCH",
                    "email": "985558837@qq.com"
                }
            ],
            "description": "the php env config utils.",
            "keywords": [
                "config",
                "env",
                "php"
            ],
            "time": "2019-04-23T05:48:59+00:00"
        },
        {
            "name": "mongdch/mon-orm",
            "version": "v2.1.0",
            "source": {
                "type": "git",
                "url": "https://github.com/MonGDCH/mon-orm.git",
                "reference": "80fc53eb7efc32a449267c521c8a0137f5b1ee40"
            },
            "dist": {
                "type": "zip",
                "url": "https://api.github.com/repos/MonGDCH/mon-orm/zipball/80fc53eb7efc32a449267c521c8a0137f5b1ee40",
                "reference": "80fc53eb7efc32a449267c521c8a0137f5b1ee40",
                "shasum": ""
            },
            "require": {
                "php": ">=5.6.0"
            },
            "type": "library",
            "autoload": {
                "psr-4": {
                    "mon\\orm\\": "src"
                }
            },
            "notification-url": "https://packagist.org/downloads/",
            "license": [
                "Apache-2.0"
            ],
            "authors": [
                {
                    "name": "MonGDCH",
                    "email": "985558837@qq.com"
                }
            ],
            "description": "the php mysql orm",
            "homepage": "http://blog.gdmonlam.com/",
            "keywords": [
                "mon",
                "mysql",
                "orm"
            ],
            "time": "2019-03-26T06:01:39+00:00"
        },
        {
            "name": "mongdch/mon-util",
            "version": "1.0.0",
            "source": {
                "type": "git",
                "url": "https://github.com/MonGDCH/mon-util.git",
                "reference": "99431d93f410e9960c421aec225bd876d4b2c196"
            },
            "dist": {
                "type": "zip",
                "url": "https://api.github.com/repos/MonGDCH/mon-util/zipball/99431d93f410e9960c421aec225bd876d4b2c196",
                "reference": "99431d93f410e9960c421aec225bd876d4b2c196",
                "shasum": ""
            },
            "require": {
                "php": ">=5.6.0"
            },
            "type": "library",
            "autoload": {
                "psr-4": {
                    "mon\\util\\": "src/"
                }
            },
            "notification-url": "https://packagist.org/downloads/",
            "license": [
                "Apache-2.0"
            ],
            "authors": [
                {
                    "name": "MonGDCH",
                    "email": "985558837@qq.com"
                }
            ],
            "description": "The php common utils.",
            "keywords": [
                "php",
                "utils"
            ],
            "time": "2019-04-18T10:19:55+00:00"
        }
    ],
    "packages-dev": [],
    "aliases": [],
    "minimum-stability": "stable",
    "stability-flags": [],
    "prefer-stable": false,
    "prefer-lowest": false,
    "platform": {
        "php": ">=7.0.0"
    },
    "platform-dev": []
}
