{
    "_readme": [
        "This file locks the dependencies of your project to a known state",
        "Read more about it at https://getcomposer.org/doc/01-basic-usage.md#installing-dependencies",
        "This file is @generated automatically"
    ],
    "content-hash": "acffa592e4aa2938e36ef8c1f12698ff",
    "packages": [
        {
            "name": "mongdch/mon-container",
            "version": "1.0.1",
            "source": {
                "type": "git",
                "url": "https://github.com/MonGDCH/mon-container.git",
                "reference": "cae30a0fce957ef1c9df5a4dbe8f2fd46bfee374"
            },
            "dist": {
                "type": "zip",
                "url": "https://api.github.com/repos/MonGDCH/mon-container/zipball/cae30a0fce957ef1c9df5a4dbe8f2fd46bfee374",
                "reference": "cae30a0fce957ef1c9df5a4dbe8f2fd46bfee374",
                "shasum": ""
            },
            "require": {
                "php": ">=5.6.0"
            },
            "type": "library",
            "autoload": {
                "psr-4": {
                    "mon\\factory\\": "src/"
                }
            },
            "notification-url": "https://packagist.org/downloads/",
            "license": [
                "MIT"
            ],
            "authors": [
                {
                    "name": "MonGDCH",
                    "email": "985558837@qq.com"
                }
            ],
            "description": "the php factory container utils.",
            "keywords": [
                "container",
                "factory",
                "php"
            ],
            "support": {
                "issues": "https://github.com/MonGDCH/mon-container/issues",
                "source": "https://github.com/MonGDCH/mon-container/tree/1.0.1"
            },
            "time": "2019-06-24T06:02:58+00:00"
        },
        {
            "name": "mongdch/mon-orm",
            "version": "v2.3.1",
            "source": {
                "type": "git",
                "url": "https://github.com/MonGDCH/mon-orm.git",
                "reference": "5b53eb5b5273760c724f12a6ba6a82049f6648b9"
            },
            "dist": {
                "type": "zip",
                "url": "https://api.github.com/repos/MonGDCH/mon-orm/zipball/5b53eb5b5273760c724f12a6ba6a82049f6648b9",
                "reference": "5b53eb5b5273760c724f12a6ba6a82049f6648b9",
                "shasum": ""
            },
            "require": {
                "ext-pdo": ">=1.0.0",
                "mongdch/mon-container": "^1.0",
                "php": ">=5.6.0"
            },
            "type": "library",
            "autoload": {
                "psr-4": {
                    "mon\\orm\\": "src"
                }
            },
            "notification-url": "https://packagist.org/downloads/",
            "license": [
                "Apache-2.0"
            ],
            "authors": [
                {
                    "name": "MonGDCH",
                    "email": "985558837@qq.com"
                }
            ],
            "description": "the php mysql orm",
            "homepage": "http://blog.gdmonlam.com/",
            "keywords": [
                "mon",
                "mysql",
                "orm"
            ],
            "support": {
                "issues": "https://github.com/MonGDCH/mon-orm/issues",
                "source": "https://github.com/MonGDCH/mon-orm/tree/2.3.1"
            },
            "time": "2020-11-20T06:54:30+00:00"
        },
        {
            "name": "mongdch/mon-util",
            "version": "1.2.4",
            "source": {
                "type": "git",
                "url": "https://github.com/MonGDCH/mon-util.git",
                "reference": "75139eb2f4e6e190fd23556913e053f9aec1fc66"
            },
            "dist": {
                "type": "zip",
                "url": "https://api.github.com/repos/MonGDCH/mon-util/zipball/75139eb2f4e6e190fd23556913e053f9aec1fc66",
                "reference": "75139eb2f4e6e190fd23556913e053f9aec1fc66",
                "shasum": ""
            },
            "require": {
                "php": ">=5.6.0"
            },
            "type": "library",
            "autoload": {
                "psr-4": {
                    "mon\\util\\": "src/"
                },
                "files": [
                    "src/function.php"
                ]
            },
            "notification-url": "https://packagist.org/downloads/",
            "license": [
                "Apache-2.0"
            ],
            "authors": [
                {
                    "name": "MonGDCH",
                    "email": "985558837@qq.com"
                }
            ],
            "description": "The php common utils.",
            "keywords": [
                "php",
                "utils"
            ],
            "support": {
                "issues": "https://github.com/MonGDCH/mon-util/issues",
                "source": "https://github.com/MonGDCH/mon-util/tree/1.2.4"
            },
            "time": "2020-11-30T05:46:31+00:00"
        }
    ],
    "packages-dev": [],
    "aliases": [],
    "minimum-stability": "stable",
    "stability-flags": [],
    "prefer-stable": false,
    "prefer-lowest": false,
    "platform": {
        "php": ">=5.6.0"
    },
    "platform-dev": [],
    "plugin-api-version": "2.0.0"
}
