{
    "_readme": [
        "This file locks the dependencies of your project to a known state",
        "Read more about it at https://getcomposer.org/doc/01-basic-usage.md#installing-dependencies",
        "This file is @generated automatically"
    ],
    "content-hash": "f2cd45075e073f0898124a1e804ed3d0",
    "packages": [
        {
            "name": "mongdch/mon-container",
            "version": "1.0.1",
            "source": {
                "type": "git",
                "url": "https://github.com/MonGDCH/mon-container.git",
                "reference": "cae30a0fce957ef1c9df5a4dbe8f2fd46bfee374"
            },
            "dist": {
                "type": "zip",
                "url": "https://api.github.com/repos/MonGDCH/mon-container/zipball/cae30a0fce957ef1c9df5a4dbe8f2fd46bfee374",
                "reference": "cae30a0fce957ef1c9df5a4dbe8f2fd46bfee374",
                "shasum": "",
                "mirrors": [
                    {
                        "url": "https://mirrors.aliyun.com/composer/dists/%package%/%reference%.%type%",
                        "preferred": true
                    }
                ]
            },
            "require": {
                "php": ">=5.6.0"
            },
            "type": "library",
            "autoload": {
                "psr-4": {
                    "mon\\factory\\": "src/"
                }
            },
            "notification-url": "https://packagist.org/downloads/",
            "license": [
                "MIT"
            ],
            "authors": [
                {
                    "name": "MonGDCH",
                    "email": "985558837@qq.com"
                }
            ],
            "description": "the php factory container utils.",
            "keywords": [
                "container",
                "factory",
                "php"
            ],
            "time": "2019-06-24T06:02:58+00:00"
        },
        {
            "name": "mongdch/mon-env",
            "version": "1.0.3",
            "source": {
                "type": "git",
                "url": "https://github.com/MonGDCH/mon-env.git",
                "reference": "96a240559f4872a7707756602bfc33cc5f26f061"
            },
            "dist": {
                "type": "zip",
                "url": "https://api.github.com/repos/MonGDCH/mon-env/zipball/96a240559f4872a7707756602bfc33cc5f26f061",
                "reference": "96a240559f4872a7707756602bfc33cc5f26f061",
                "shasum": "",
                "mirrors": [
                    {
                        "url": "https://mirrors.aliyun.com/composer/dists/%package%/%reference%.%type%",
                        "preferred": true
                    }
                ]
            },
            "require": {
                "php": ">=5.6.0"
            },
            "type": "library",
            "autoload": {
                "psr-4": {
                    "mon\\env\\": "src/"
                }
            },
            "notification-url": "https://packagist.org/downloads/",
            "license": [
                "MIT"
            ],
            "authors": [
                {
                    "name": "MonGDCH",
                    "email": "985558837@qq.com"
                }
            ],
            "description": "the php env config utils.",
            "keywords": [
                "config",
                "env",
                "php"
            ],
            "time": "2019-09-12T08:40:17+00:00"
        },
        {
            "name": "mongdch/mon-orm",
            "version": "v2.1.1",
            "source": {
                "type": "git",
                "url": "https://github.com/MonGDCH/mon-orm.git",
                "reference": "c30cab8c19fb42c2038b4ea23214a2f9c9bb92c4"
            },
            "dist": {
                "type": "zip",
                "url": "https://api.github.com/repos/MonGDCH/mon-orm/zipball/c30cab8c19fb42c2038b4ea23214a2f9c9bb92c4",
                "reference": "c30cab8c19fb42c2038b4ea23214a2f9c9bb92c4",
                "shasum": "",
                "mirrors": [
                    {
                        "url": "https://mirrors.aliyun.com/composer/dists/%package%/%reference%.%type%",
                        "preferred": true
                    }
                ]
            },
            "require": {
                "mongdch/mon-container": "^1.0",
                "php": ">=5.6.0"
            },
            "type": "library",
            "autoload": {
                "psr-4": {
                    "mon\\orm\\": "src"
                }
            },
            "notification-url": "https://packagist.org/downloads/",
            "license": [
                "Apache-2.0"
            ],
            "authors": [
                {
                    "name": "MonGDCH",
                    "email": "985558837@qq.com"
                }
            ],
            "description": "the php mysql orm",
            "homepage": "http://blog.gdmonlam.com/",
            "keywords": [
                "mon",
                "mysql",
                "orm"
            ],
            "time": "2019-07-05T08:15:55+00:00"
        },
        {
            "name": "mongdch/mon-util",
            "version": "1.0.3",
            "source": {
                "type": "git",
                "url": "https://github.com/MonGDCH/mon-util.git",
                "reference": "9c8bcf2724df50685804eb735bb9532d2e5a97f0"
            },
            "dist": {
                "type": "zip",
                "url": "https://api.github.com/repos/MonGDCH/mon-util/zipball/9c8bcf2724df50685804eb735bb9532d2e5a97f0",
                "reference": "9c8bcf2724df50685804eb735bb9532d2e5a97f0",
                "shasum": "",
                "mirrors": [
                    {
                        "url": "https://mirrors.aliyun.com/composer/dists/%package%/%reference%.%type%",
                        "preferred": true
                    }
                ]
            },
            "require": {
                "php": ">=5.6.0"
            },
            "type": "library",
            "autoload": {
                "psr-4": {
                    "mon\\util\\": "src/"
                }
            },
            "notification-url": "https://packagist.org/downloads/",
            "license": [
                "Apache-2.0"
            ],
            "authors": [
                {
                    "name": "MonGDCH",
                    "email": "985558837@qq.com"
                }
            ],
            "description": "The php common utils.",
            "keywords": [
                "php",
                "utils"
            ],
            "time": "2019-06-15T09:56:17+00:00"
        }
    ],
    "packages-dev": [],
    "aliases": [],
    "minimum-stability": "stable",
    "stability-flags": [],
    "prefer-stable": false,
    "prefer-lowest": false,
    "platform": {
        "php": ">=5.6.0"
    },
    "platform-dev": []
}
